
Microsoft Visual Studio Solution File, Format Version 12.00
# Visual Studio 15
VisualStudioVersion = 15.0.28307.329
MinimumVisualStudioVersion = 10.0.40219.1
Project("{FAE04EC0-301F-11D3-BF4B-00C04F79EFBC}") = "SocketServer", "SocketServer\SocketServer.csproj", "{337D8451-A90D-4F2B-B514-7B4524819EB7}"
EndProject
Project("{FAE04EC0-301F-11D3-BF4B-00C04F79EFBC}") = "SocketClient", "SocketClient\SocketClient.csproj", "{C55E9F24-44A9-4757-A85C-B9D68283B67D}"
EndProject
Project("{FAE04EC0-301F-11D3-BF4B-00C04F79EFBC}") = "Util", "..\HoweUtil\Util\Util.csproj", "{3363DA83-F692-4367-B905-062451ACA009}"
EndProject
Project("{FAE04EC0-301F-11D3-BF4B-00C04F79EFBC}") = "Model", "Model\Model.csproj", "{2B89989F-45FF-4A50-872C-220A2D71692E}"
EndProject
Global
	GlobalSection(SolutionConfigurationPlatforms) = preSolution
		Debug|Any CPU = Debug|Any CPU
		Release|Any CPU = Release|Any CPU
	EndGlobalSection
	GlobalSection(ProjectConfigurationPlatforms) = postSolution
		{337D8451-A90D-4F2B-B514-7B4524819EB7}.Debug|Any CPU.ActiveCfg = Debug|Any CPU
		{337D8451-A90D-4F2B-B514-7B4524819EB7}.Debug|Any CPU.Build.0 = Debug|Any CPU
		{337D8451-A90D-4F2B-B514-7B4524819EB7}.Release|Any CPU.ActiveCfg = Release|Any CPU
		{337D8451-A90D-4F2B-B514-7B4524819EB7}.Release|Any CPU.Build.0 = Release|Any CPU
		{C55E9F24-44A9-4757-A85C-B9D68283B67D}.Debug|Any CPU.ActiveCfg = Debug|Any CPU
		{C55E9F24-44A9-4757-A85C-B9D68283B67D}.Debug|Any CPU.Build.0 = Debug|Any CPU
		{C55E9F24-44A9-4757-A85C-B9D68283B67D}.Release|Any CPU.ActiveCfg = Release|Any CPU
		{C55E9F24-44A9-4757-A85C-B9D68283B67D}.Release|Any CPU.Build.0 = Release|Any CPU
		{3363DA83-F692-4367-B905-062451ACA009}.Debug|Any CPU.ActiveCfg = Debug|Any CPU
		{3363DA83-F692-4367-B905-062451ACA009}.Debug|Any CPU.Build.0 = Debug|Any CPU
		{3363DA83-F692-4367-B905-062451ACA009}.Release|Any CPU.ActiveCfg = Release|Any CPU
		{3363DA83-F692-4367-B905-062451ACA009}.Release|Any CPU.Build.0 = Release|Any CPU
		{2B89989F-45FF-4A50-872C-220A2D71692E}.Debug|Any CPU.ActiveCfg = Debug|Any CPU
		{2B89989F-45FF-4A50-872C-220A2D71692E}.Debug|Any CPU.Build.0 = Debug|Any CPU
		{2B89989F-45FF-4A50-872C-220A2D71692E}.Release|Any CPU.ActiveCfg = Release|Any CPU
		{2B89989F-45FF-4A50-872C-220A2D71692E}.Release|Any CPU.Build.0 = Release|Any CPU
	EndGlobalSection
	GlobalSection(SolutionProperties) = preSolution
		HideSolutionNode = FALSE
	EndGlobalSection
	GlobalSection(ExtensibilityGlobals) = postSolution
		SolutionGuid = {B25C68E0-D01D-4F17-BDF2-C8ED694AFAC9}
	EndGlobalSection
EndGlobal
